{
  "name": "frenchblogwebsite",
  "version": "1.0.0",
  "lockfileVersion": 1,
  "requires": true,
  "dependencies": {
    "perfect-scrollbar": {
      "version": "1.5.2",
      "resolved": "https://registry.npmjs.org/perfect-scrollbar/-/perfect-scrollbar-1.5.2.tgz",
      "integrity": "sha512-McHAinFkyzKbBZrFtb4MT2mxkehp15KvOX/UrjB8C5EZZXHTHgyETo5IGFYtHRTI2Pb2bsV0OE0YnkjT9Cw3aw=="
    }
  }
}
